github.com/Azure/azure-sdk-for-go/sdk/azcore v1.9.2 h1:c4k2FIYIh4xtwqrQwV0Ct1v5+ehlNXj5NI/MWVsiTkQ=
github.com/Azure/azure-sdk-for-go/sdk/azcore v1.9.2/go.mod h1:5FDJtLEO/GxwNgUxbwrY3LP0pEoThTQJtk2oysdXHxM=
github.com/Azure/azure-sdk-for-go/sdk/azcore v1.17.0 h1:g0EZJwz7xkXQiZAI5xi9f3WWFYBlX1CPTrR+NDToRkQ=
github.com/Azure/azure-sdk-for-go/sdk/azcore v1.17.0/go.mod h1:XCW7KnZet0Opnr7HccfUw1PLc4CjHqpcaxW8DHklNkQ=
github.com/Azure/azure-sdk-for-go/sdk/internal v1.5.2 h1:LqbJ/WzJUwBf8UiaSzgX7aMclParm9/5Vgp+TY51uBQ=
github.com/Azure/azure-sdk-for-go/sdk/internal v1.5.2/go.mod h1:yInRyqWXAuaPrgI7p70+lDDgh3mlBohis29jGMISnmc=
github.com/Azure/azure-sdk-for-go/sdk/internal v1.10.0 h1:ywEEhmNahHBihViHepv3xPBn1663uRv2t2q/ESv9seY=
github.com/Azure/azure-sdk-for-go/sdk/internal v1.10.0/go.mod h1:iZDifYGJTIgIIkYRNWPENUnqx6bJ2xnSDFI2tjwZNuY=
github.com/Azure/azure-sdk-for-go/sdk/messaging/eventgrid/azeventgrid v1.0.0 h1:iSs3BpwqQ5IHvuxAMeqO6q/9sCJYhjDZZgQZd++n374=
github.com/Azure/azure-sdk-for-go/sdk/messaging/eventgrid/azeventgrid v1.0.0/go.mod h1:1IRNP46kxovPgEKGS0W3NrGasGj8JomLgvEnR48Sxko=
golang.org/x/net v0.20.0 h1:aCL9BSgETF1k+blQaYUBx9hJ9LOGP3gAVemcZlf1Kpo=
golang.org/x/net v0.20.0/go.mod h1:z8BVo6PvndSri0LbOE3hAn0apkU+1YvI6E70E9jsnvY=
golang.org/x/net v0.34.0 h1:Mb7Mrk043xzHgnRM88suvJFwzVrRfHEHJEl5/71CKw0=
golang.org/x/net v0.34.0/go.mod h1:di0qlW3YNM5oh6GqDGQr92MyTozJPmybPK4Ev/Gm31k=
golang.org/x/text v0.14.0 h1:ScX5w1eTa3QqT8oi6+ziP7dTV1S2+ALU0bI+0zXKWiQ=
golang.org/x/text v0.14.0/go.mod h1:18ZOQIKpY8NJVqYksKHtTdi31H5itFRjB5/qKTNYzSU=
golang.org/x/text v0.21.0 h1:zyQAAkrwaneQ066sspRyJaG9VNi/YJ1NfzcGB3hZ/qo=
golang.org/x/text v0.21.0/go.mod h1:4IBbMaMmOPCJ8SecivzSH54+73PCFmPWxNTLm+vZkEQ=
